
Microsoft Visual Studio Solution File, Format Version 12.00
# Visual Studio 2012
Project("{FAE04EC0-301F-11D3-BF4B-00C04F79EFBC}") = "Ferreteria", "Ferreteria\Ferreteria.csproj", "{15063B3C-B919-4BD2-A87B-7E2F89BD3260}"
EndProject
Global
	GlobalSection(SolutionConfigurationPlatforms) = preSolution
		Debug|Any CPU = Debug|Any CPU
		Release|Any CPU = Release|Any CPU
	EndGlobalSection
	GlobalSection(ProjectConfigurationPlatforms) = postSolution
		{15063B3C-B919-4BD2-A87B-7E2F89BD3260}.Debug|Any CPU.ActiveCfg = Debug|Any CPU
		{15063B3C-B919-4BD2-A87B-7E2F89BD3260}.Debug|Any CPU.Build.0 = Debug|Any CPU
		{15063B3C-B919-4BD2-A87B-7E2F89BD3260}.Release|Any CPU.ActiveCfg = Release|Any CPU
		{15063B3C-B919-4BD2-A87B-7E2F89BD3260}.Release|Any CPU.Build.0 = Release|Any CPU
	EndGlobalSection
	GlobalSection(SolutionProperties) = preSolution
		HideSolutionNode = FALSE
	EndGlobalSection
EndGlobal
